<Solution>
  <Folder Name="/Core/">
    <Project Path="Core/Estudaki.Commons.Core/Estudaki.Commons.Core.csproj" />
  </Folder>
  <Folder Name="/Infrastructure/">
    <Project Path="Infrastructure/Estudaki.Infrastructure.Crosscutting/Estudaki.Infrastructure.Crosscutting.csproj" />
    <Project Path="Infrastructure/Estudaki.Infrastructure.Observability/Estudaki.Infrastructure.Observability.csproj" />
  </Folder>
  <Folder Name="/Modules/" />
  <Folder Name="/Modules/Comunications/">
    <Project Path="Modules/Comunications/Estudaki.Modules.Comunications.Application/Estudaki.Modules.Comunications.Application.csproj" />
    <Project Path="Modules/Comunications/Estudaki.Modules.Comunications.Domain/Estudaki.Modules.Comunications.Domain.csproj" />
    <Project Path="Modules/Comunications/Estudaki.Modules.Comunications.Infrastructure/Estudaki.Modules.Comunications.Infrastructure.csproj" />
  </Folder>
  <Folder Name="/Modules/Identity/">
    <Project Path="Modules/Identity/Estudaki.Modules.Identity.Application/Estudaki.Modules.Identity.Application.csproj" />
    <Project Path="Modules/Identity/Estudaki.Modules.Identity.Domain/Estudaki.Modules.Identity.Domain.csproj" />
    <Project Path="Modules/Identity/Estudaki.Modules.Identity.Infrastructure/Estudaki.Modules.Identity.Infrastructure.csproj" />
  </Folder>
  <Folder Name="/Modules/Questions/">
    <Project Path="Modules/Questions/Estudaki.Modules.Questions.Application/Estudaki.Modules.Questions.Application.csproj" />
    <Project Path="Modules/Questions/Estudaki.Modules.Questions.Domain/Estudaki.Modules.Questions.Domain.csproj" />
    <Project Path="Modules/Questions/Estudaki.Modules.Questions.Infrastructure/Estudaki.Modules.Questions.Infrastructure.csproj" />
  </Folder>
  <Folder Name="/Web/">
    <Project Path="Web/EstudaKi.Web/EstudaKi.Web.csproj" />
  </Folder>
</Solution>
